// !$*UTF8*$!
{
	archiveVersion = 1;
	classes = {
	};
	objectVersion = 46;
	objects = {

/* Begin PBXBuildFile section */
		237416A74A30E2D1E1F8E494 /* Pods_sober_test.framework in Frameworks */ = {isa = PBXBuildFile; fileRef = 94D6FBDB6601BF0097F124BF /* Pods_sober_test.framework */; };
		B624E3C91EF2979600BADDE1 /* SHViewController.swift in Sources */ = {isa = PBXBuildFile; fileRef = B624E3C81EF2979600BADDE1 /* SHViewController.swift */; };
		B624E3CB1EF2DCE200BADDE1 /* Calibration2ViewController.swift in Sources */ = {isa = PBXBuildFile; fileRef = B624E3CA1EF2DCE200BADDE1 /* Calibration2ViewController.swift */; };
		B624E3CD1EF2E00300BADDE1 /* SteadyHandsResultsViewController.swift in Sources */ = {isa = PBXBuildFile; fileRef = B624E3CC1EF2E00300BADDE1 /* SteadyHandsResultsViewController.swift */; };
		B68C23261EEF1E2300FDB3A2 /* AppDelegate.swift in Sources */ = {isa = PBXBuildFile; fileRef = B68C23251EEF1E2300FDB3A2 /* AppDelegate.swift */; };
		B68C23281EEF1E2300FDB3A2 /* ViewController.swift in Sources */ = {isa = PBXBuildFile; fileRef = B68C23271EEF1E2300FDB3A2 /* ViewController.swift */; };
		B68C232B1EEF1E2300FDB3A2 /* Main.storyboard in Resources */ = {isa = PBXBuildFile; fileRef = B68C23291EEF1E2300FDB3A2 /* Main.storyboard */; };
		B68C232D1EEF1E2300FDB3A2 /* Assets.xcassets in Resources */ = {isa = PBXBuildFile; fileRef = B68C232C1EEF1E2300FDB3A2 /* Assets.xcassets */; };
		B68C23301EEF1E2300FDB3A2 /* LaunchScreen.storyboard in Resources */ = {isa = PBXBuildFile; fileRef = B68C232E1EEF1E2300FDB3A2 /* LaunchScreen.storyboard */; };
		B68C23381EEF279900FDB3A2 /* Control.swift in Sources */ = {isa = PBXBuildFile; fileRef = B68C23371EEF279900FDB3A2 /* Control.swift */; };
		B68C233A1EEFFED300FDB3A2 /* BalanceResultsViewController.swift in Sources */ = {isa = PBXBuildFile; fileRef = B68C23391EEFFED300FDB3A2 /* BalanceResultsViewController.swift */; };
		B68C233C1EF01FEB00FDB3A2 /* LogInViewController.swift in Sources */ = {isa = PBXBuildFile; fileRef = B68C233B1EF01FEB00FDB3A2 /* LogInViewController.swift */; };
		B68C233E1EF029BB00FDB3A2 /* GoogleService-Info.plist in Resources */ = {isa = PBXBuildFile; fileRef = B68C233D1EF029BB00FDB3A2 /* GoogleService-Info.plist */; };
		B68C23401EF14DE900FDB3A2 /* CalibrationCompleteViewController.swift in Sources */ = {isa = PBXBuildFile; fileRef = B68C233F1EF14DE900FDB3A2 /* CalibrationCompleteViewController.swift */; };
/* End PBXBuildFile section */

/* Begin PBXFileReference section */
		57DEBEAC9804ACAAA43A6C2D /* Pods-sober-test.release.xcconfig */ = {isa = PBXFileReference; includeInIndex = 1; lastKnownFileType = text.xcconfig; name = "Pods-sober-test.release.xcconfig"; path = "Pods/Target Support Files/Pods-sober-test/Pods-sober-test.release.xcconfig"; sourceTree = "<group>"; };
		62B68F0CEF3BE44CDD069A83 /* Pods-sober-test.debug.xcconfig */ = {isa = PBXFileReference; includeInIndex = 1; lastKnownFileType = text.xcconfig; name = "Pods-sober-test.debug.xcconfig"; path = "Pods/Target Support Files/Pods-sober-test/Pods-sober-test.debug.xcconfig"; sourceTree = "<group>"; };
		94D6FBDB6601BF0097F124BF /* Pods_sober_test.framework */ = {isa = PBXFileReference; explicitFileType = wrapper.framework; includeInIndex = 0; path = Pods_sober_test.framework; sourceTree = BUILT_PRODUCTS_DIR; };
		B624E3C81EF2979600BADDE1 /* SHViewController.swift */ = {isa = PBXFileReference; fileEncoding = 4; lastKnownFileType = sourcecode.swift; path = SHViewController.swift; sourceTree = "<group>"; };
		B624E3CA1EF2DCE200BADDE1 /* Calibration2ViewController.swift */ = {isa = PBXFileReference; fileEncoding = 4; lastKnownFileType = sourcecode.swift; path = Calibration2ViewController.swift; sourceTree = "<group>"; };
		B624E3CC1EF2E00300BADDE1 /* SteadyHandsResultsViewController.swift */ = {isa = PBXFileReference; fileEncoding = 4; lastKnownFileType = sourcecode.swift; path = SteadyHandsResultsViewController.swift; sourceTree = "<group>"; };
		B68C23221EEF1E2300FDB3A2 /* sober-test.app */ = {isa = PBXFileReference; explicitFileType = wrapper.application; includeInIndex = 0; path = "sober-test.app"; sourceTree = BUILT_PRODUCTS_DIR; };
		B68C23251EEF1E2300FDB3A2 /* AppDelegate.swift */ = {isa = PBXFileReference; lastKnownFileType = sourcecode.swift; path = AppDelegate.swift; sourceTree = "<group>"; };
		B68C23271EEF1E2300FDB3A2 /* ViewController.swift */ = {isa = PBXFileReference; lastKnownFileType = sourcecode.swift; path = ViewController.swift; sourceTree = "<group>"; };
		B68C232A1EEF1E2300FDB3A2 /* Base */ = {isa = PBXFileReference; lastKnownFileType = file.storyboard; name = Base; path = Base.lproj/Main.storyboard; sourceTree = "<group>"; };
		B68C232C1EEF1E2300FDB3A2 /* Assets.xcassets */ = {isa = PBXFileReference; lastKnownFileType = folder.assetcatalog; path = Assets.xcassets; sourceTree = "<group>"; };
		B68C232F1EEF1E2300FDB3A2 /* Base */ = {isa = PBXFileReference; lastKnownFileType = file.storyboard; name = Base; path = Base.lproj/LaunchScreen.storyboard; sourceTree = "<group>"; };
		B68C23311EEF1E2300FDB3A2 /* Info.plist */ = {isa = PBXFileReference; lastKnownFileType = text.plist.xml; path = Info.plist; sourceTree = "<group>"; };
		B68C23371EEF279900FDB3A2 /* Control.swift */ = {isa = PBXFileReference; fileEncoding = 4; lastKnownFileType = sourcecode.swift; path = Control.swift; sourceTree = "<group>"; };
		B68C23391EEFFED300FDB3A2 /* BalanceResultsViewController.swift */ = {isa = PBXFileReference; fileEncoding = 4; lastKnownFileType = sourcecode.swift; path = BalanceResultsViewController.swift; sourceTree = "<group>"; };
		B68C233B1EF01FEB00FDB3A2 /* LogInViewController.swift */ = {isa = PBXFileReference; fileEncoding = 4; lastKnownFileType = sourcecode.swift; path = LogInViewController.swift; sourceTree = "<group>"; };
		B68C233D1EF029BB00FDB3A2 /* GoogleService-Info.plist */ = {isa = PBXFileReference; fileEncoding = 4; lastKnownFileType = text.plist.xml; name = "GoogleService-Info.plist"; path = "../../../../Downloads/GoogleService-Info.plist"; sourceTree = "<group>"; };
		B68C233F1EF14DE900FDB3A2 /* CalibrationCompleteViewController.swift */ = {isa = PBXFileReference; fileEncoding = 4; lastKnownFileType = sourcecode.swift; path = CalibrationCompleteViewController.swift; sourceTree = "<group>"; };
/* End PBXFileReference section */

/* Begin PBXFrameworksBuildPhase section */
		B68C231F1EEF1E2300FDB3A2 /* Frameworks */ = {
			isa = PBXFrameworksBuildPhase;
			buildActionMask = 2147483647;
			files = (
				237416A74A30E2D1E1F8E494 /* Pods_sober_test.framework in Frameworks */,
			);
			runOnlyForDeploymentPostprocessing = 0;
		};
/* End PBXFrameworksBuildPhase section */

/* Begin PBXGroup section */
		1E8E84375A7B2B6AF7DAFB32 /* Pods */ = {
			isa = PBXGroup;
			children = (
				62B68F0CEF3BE44CDD069A83 /* Pods-sober-test.debug.xcconfig */,
				57DEBEAC9804ACAAA43A6C2D /* Pods-sober-test.release.xcconfig */,
			);
			name = Pods;
			sourceTree = "<group>";
		};
		B68C23191EEF1E2300FDB3A2 = {
			isa = PBXGroup;
			children = (
				B68C23241EEF1E2300FDB3A2 /* sober-test */,
				B68C23231EEF1E2300FDB3A2 /* Products */,
				1E8E84375A7B2B6AF7DAFB32 /* Pods */,
				E8B314137ABC38AF9FA9EEC9 /* Frameworks */,
			);
			sourceTree = "<group>";
		};
		B68C23231EEF1E2300FDB3A2 /* Products */ = {
			isa = PBXGroup;
			children = (
				B68C23221EEF1E2300FDB3A2 /* sober-test.app */,
			);
			name = Products;
			sourceTree = "<group>";
		};
		B68C23241EEF1E2300FDB3A2 /* sober-test */ = {
			isa = PBXGroup;
			children = (
				B68C23251EEF1E2300FDB3A2 /* AppDelegate.swift */,
				B68C23271EEF1E2300FDB3A2 /* ViewController.swift */,
				B68C23371EEF279900FDB3A2 /* Control.swift */,
				B68C23291EEF1E2300FDB3A2 /* Main.storyboard */,
				B624E3CC1EF2E00300BADDE1 /* SteadyHandsResultsViewController.swift */,
				B624E3C81EF2979600BADDE1 /* SHViewController.swift */,
				B624E3CA1EF2DCE200BADDE1 /* Calibration2ViewController.swift */,
				B68C233F1EF14DE900FDB3A2 /* CalibrationCompleteViewController.swift */,
				B68C233B1EF01FEB00FDB3A2 /* LogInViewController.swift */,
				B68C23391EEFFED300FDB3A2 /* BalanceResultsViewController.swift */,
				B68C232C1EEF1E2300FDB3A2 /* Assets.xcassets */,
				B68C232E1EEF1E2300FDB3A2 /* LaunchScreen.storyboard */,
				B68C23311EEF1E2300FDB3A2 /* Info.plist */,
				B68C233D1EF029BB00FDB3A2 /* GoogleService-Info.plist */,
			);
			path = "sober-test";
			sourceTree = "<group>";
		};
		E8B314137ABC38AF9FA9EEC9 /* Frameworks */ = {
			isa = PBXGroup;
			children = (
				94D6FBDB6601BF0097F124BF /* Pods_sober_test.framework */,
			);
			name = Frameworks;
			sourceTree = "<group>";
		};
/* End PBXGroup section */

/* Begin PBXNativeTarget section */
		B68C23211EEF1E2300FDB3A2 /* sober-test */ = {
			isa = PBXNativeTarget;
			buildConfigurationList = B68C23341EEF1E2300FDB3A2 /* Build configuration list for PBXNativeTarget "sober-test" */;
			buildPhases = (
				2D977B50CEA5B1809018E2DD /* [CP] Check Pods Manifest.lock */,
				B68C231E1EEF1E2300FDB3A2 /* Sources */,
				B68C231F1EEF1E2300FDB3A2 /* Frameworks */,
				B68C23201EEF1E2300FDB3A2 /* Resources */,
				7E0C662CCB27E82CA0704A78 /* [CP] Embed Pods Frameworks */,
				010D5D81E6A31A847A88885F /* [CP] Copy Pods Resources */,
			);
			buildRules = (
			);
			dependencies = (
			);
			name = "sober-test";
			productName = "sober-test";
			productReference = B68C23221EEF1E2300FDB3A2 /* sober-test.app */;
			productType = "com.apple.product-type.application";
		};
/* End PBXNativeTarget section */

/* Begin PBXProject section */
		B68C231A1EEF1E2300FDB3A2 /* Project object */ = {
			isa = PBXProject;
			attributes = {
				LastSwiftUpdateCheck = 0830;
				LastUpgradeCheck = 0830;
				ORGANIZATIONNAME = "Jon Nelson";
				TargetAttributes = {
					B68C23211EEF1E2300FDB3A2 = {
						CreatedOnToolsVersion = 8.3.2;
						DevelopmentTeam = V2SYTB72GZ;
						ProvisioningStyle = Automatic;
					};
				};
			};
			buildConfigurationList = B68C231D1EEF1E2300FDB3A2 /* Build configuration list for PBXProject "sober-test" */;
			compatibilityVersion = "Xcode 3.2";
			developmentRegion = English;
			hasScannedForEncodings = 0;
			knownRegions = (
				en,
				Base,
			);
			mainGroup = B68C23191EEF1E2300FDB3A2;
			productRefGroup = B68C23231EEF1E2300FDB3A2 /* Products */;
			projectDirPath = "";
			projectRoot = "";
			targets = (
				B68C23211EEF1E2300FDB3A2 /* sober-test */,
			);
		};
/* End PBXProject section */

/* Begin PBXResourcesBuildPhase section */
		B68C23201EEF1E2300FDB3A2 /* Resources */ = {
			isa = PBXResourcesBuildPhase;
			buildActionMask = 2147483647;
			files = (
				B68C23301EEF1E2300FDB3A2 /* LaunchScreen.storyboard in Resources */,
				B68C233E1EF029BB00FDB3A2 /* GoogleService-Info.plist in Resources */,
				B68C232D1EEF1E2300FDB3A2 /* Assets.xcassets in Resources */,
				B68C232B1EEF1E2300FDB3A2 /* Main.storyboard in Resources */,
			);
			runOnlyForDeploymentPostprocessing = 0;
		};
/* End PBXResourcesBuildPhase section */

/* Begin PBXShellScriptBuildPhase section */
		010D5D81E6A31A847A88885F /* [CP] Copy Pods Resources */ = {
			isa = PBXShellScriptBuildPhase;
			buildActionMask = 2147483647;
			files = (
			);
			inputPaths = (
			);
			name = "[CP] Copy Pods Resources";
			outputPaths = (
			);
			runOnlyForDeploymentPostprocessing = 0;
			shellPath = /bin/sh;
			shellScript = "\"${SRCROOT}/Pods/Target Support Files/Pods-sober-test/Pods-sober-test-resources.sh\"\n";
			showEnvVarsInLog = 0;
		};
		2D977B50CEA5B1809018E2DD /* [CP] Check Pods Manifest.lock */ = {
			isa = PBXShellScriptBuildPhase;
			buildActionMask = 2147483647;
			files = (
			);
			inputPaths = (
			);
			name = "[CP] Check Pods Manifest.lock";
			outputPaths = (
			);
			runOnlyForDeploymentPostprocessing = 0;
			shellPath = /bin/sh;
			shellScript = "diff \"${PODS_PODFILE_DIR_PATH}/Podfile.lock\" \"${PODS_ROOT}/Manifest.lock\" > /dev/null\nif [ $? != 0 ] ; then\n    # print error to STDERR\n    echo \"error: The sandbox is not in sync with the Podfile.lock. Run 'pod install' or update your CocoaPods installation.\" >&2\n    exit 1\nfi\n";
			showEnvVarsInLog = 0;
		};
		7E0C662CCB27E82CA0704A78 /* [CP] Embed Pods Frameworks */ = {
			isa = PBXShellScriptBuildPhase;
			buildActionMask = 2147483647;
			files = (
			);
			inputPaths = (
			);
			name = "[CP] Embed Pods Frameworks";
			outputPaths = (
			);
			runOnlyForDeploymentPostprocessing = 0;
			shellPath = /bin/sh;
			shellScript = "\"${SRCROOT}/Pods/Target Support Files/Pods-sober-test/Pods-sober-test-frameworks.sh\"\n";
			showEnvVarsInLog = 0;
		};
/* End PBXShellScriptBuildPhase section */

/* Begin PBXSourcesBuildPhase section */
		B68C231E1EEF1E2300FDB3A2 /* Sources */ = {
			isa = PBXSourcesBuildPhase;
			buildActionMask = 2147483647;
			files = (
				B624E3CD1EF2E00300BADDE1 /* SteadyHandsResultsViewController.swift in Sources */,
				B624E3CB1EF2DCE200BADDE1 /* Calibration2ViewController.swift in Sources */,
				B68C233A1EEFFED300FDB3A2 /* BalanceResultsViewController.swift in Sources */,
				B68C23281EEF1E2300FDB3A2 /* ViewController.swift in Sources */,
				B68C23261EEF1E2300FDB3A2 /* AppDelegate.swift in Sources */,
				B68C233C1EF01FEB00FDB3A2 /* LogInViewController.swift in Sources */,
				B68C23401EF14DE900FDB3A2 /* CalibrationCompleteViewController.swift in Sources */,
				B68C23381EEF279900FDB3A2 /* Control.swift in Sources */,
				B624E3C91EF2979600BADDE1 /* SHViewController.swift in Sources */,
			);
			runOnlyForDeploymentPostprocessing = 0;
		};
/* End PBXSourcesBuildPhase section */

/* Begin PBXVariantGroup section */
		B68C23291EEF1E2300FDB3A2 /* Main.storyboard */ = {
			isa = PBXVariantGroup;
			children = (
				B68C232A1EEF1E2300FDB3A2 /* Base */,
			);
			name = Main.storyboard;
			sourceTree = "<group>";
		};
		B68C232E1EEF1E2300FDB3A2 /* LaunchScreen.storyboard */ = {
			isa = PBXVariantGroup;
			children = (
				B68C232F1EEF1E2300FDB3A2 /* Base */,
			);
			name = LaunchScreen.storyboard;
			sourceTree = "<group>";
		};
/* End PBXVariantGroup section */

/* Begin XCBuildConfiguration section */
		B68C23321EEF1E2300FDB3A2 /* Debug */ = {
			isa = XCBuildConfiguration;
			buildSettings = {
				ALWAYS_SEARCH_USER_PATHS = NO;
				CLANG_ANALYZER_NONNULL = YES;
				CLANG_ANALYZER_NUMBER_OBJECT_CONVERSION = YES_AGGRESSIVE;
				CLANG_CXX_LANGUAGE_STANDARD = "gnu++0x";
				CLANG_CXX_LIBRARY = "libc++";
				CLANG_ENABLE_MODULES = YES;
				CLANG_ENABLE_OBJC_ARC = YES;
				CLANG_WARN_BOOL_CONVERSION = YES;
				CLANG_WARN_CONSTANT_CONVERSION = YES;
				CLANG_WARN_DIRECT_OBJC_ISA_USAGE = YES_ERROR;
				CLANG_WARN_DOCUMENTATION_COMMENTS = YES;
				CLANG_WARN_EMPTY_BODY = YES;
				CLANG_WARN_ENUM_CONVERSION = YES;
				CLANG_WARN_INFINITE_RECURSION = YES;
				CLANG_WARN_INT_CONVERSION = YES;
				CLANG_WARN_OBJC_ROOT_CLASS = YES_ERROR;
				CLANG_WARN_SUSPICIOUS_MOVE = YES;
				CLANG_WARN_UNREACHABLE_CODE = YES;
				CLANG_WARN__DUPLICATE_METHOD_MATCH = YES;
				"CODE_SIGN_IDENTITY[sdk=iphoneos*]" = "iPhone Developer";
				COPY_PHASE_STRIP = NO;
				DEBUG_INFORMATION_FORMAT = dwarf;
				ENABLE_STRICT_OBJC_MSGSEND = YES;
				ENABLE_TESTABILITY = YES;
				GCC_C_LANGUAGE_STANDARD = gnu99;
				GCC_DYNAMIC_NO_PIC = NO;
				GCC_NO_COMMON_BLOCKS = YES;
				GCC_OPTIMIZATION_LEVEL = 0;
				GCC_PREPROCESSOR_DEFINITIONS = (
					"DEBUG=1",
					"$(inherited)",
				);
				GCC_WARN_64_TO_32_BIT_CONVERSION = YES;
				GCC_WARN_ABOUT_RETURN_TYPE = YES_ERROR;
				GCC_WARN_UNDECLARED_SELECTOR = YES;
				GCC_WARN_UNINITIALIZED_AUTOS = YES_AGGRESSIVE;
				GCC_WARN_UNUSED_FUNCTION = YES;
				GCC_WARN_UNUSED_VARIABLE = YES;
				IPHONEOS_DEPLOYMENT_TARGET = 10.3;
				MTL_ENABLE_DEBUG_INFO = YES;
				ONLY_ACTIVE_ARCH = YES;
				SDKROOT = iphoneos;
				SWIFT_ACTIVE_COMPILATION_CONDITIONS = DEBUG;
				SWIFT_OPTIMIZATION_LEVEL = "-Onone";
				TARGETED_DEVICE_FAMILY = "1,2";
			};
			name = Debug;
		};
		B68C23331EEF1E2300FDB3A2 /* Release */ = {
			isa = XCBuildConfiguration;
			buildSettings = {
				ALWAYS_SEARCH_USER_PATHS = NO;
				CLANG_ANALYZER_NONNULL = YES;
				CLANG_ANALYZER_NUMBER_OBJECT_CONVERSION = YES_AGGRESSIVE;
				CLANG_CXX_LANGUAGE_STANDARD = "gnu++0x";
				CLANG_CXX_LIBRARY = "libc++";
				CLANG_ENABLE_MODULES = YES;
				CLANG_ENABLE_OBJC_ARC = YES;
				CLANG_WARN_BOOL_CONVERSION = YES;
				CLANG_WARN_CONSTANT_CONVERSION = YES;
				CLANG_WARN_DIRECT_OBJC_ISA_USAGE = YES_ERROR;
				CLANG_WARN_DOCUMENTATION_COMMENTS = YES;
				CLANG_WARN_EMPTY_BODY = YES;
				CLANG_WARN_ENUM_CONVERSION = YES;
				CLANG_WARN_INFINITE_RECURSION = YES;
				CLANG_WARN_INT_CONVERSION = YES;
				CLANG_WARN_OBJC_ROOT_CLASS = YES_ERROR;
				CLANG_WARN_SUSPICIOUS_MOVE = YES;
				CLANG_WARN_UNREACHABLE_CODE = YES;
				CLANG_WARN__DUPLICATE_METHOD_MATCH = YES;
				"CODE_SIGN_IDENTITY[sdk=iphoneos*]" = "iPhone Developer";
				COPY_PHASE_STRIP = NO;
				DEBUG_INFORMATION_FORMAT = "dwarf-with-dsym";
				ENABLE_NS_ASSERTIONS = NO;
				ENABLE_STRICT_OBJC_MSGSEND = YES;
				GCC_C_LANGUAGE_STANDARD = gnu99;
				GCC_NO_COMMON_BLOCKS = YES;
				GCC_WARN_64_TO_32_BIT_CONVERSION = YES;
				GCC_WARN_ABOUT_RETURN_TYPE = YES_ERROR;
				GCC_WARN_UNDECLARED_SELECTOR = YES;
				GCC_WARN_UNINITIALIZED_AUTOS = YES_AGGRESSIVE;
				GCC_WARN_UNUSED_FUNCTION = YES;
				GCC_WARN_UNUSED_VARIABLE = YES;
				IPHONEOS_DEPLOYMENT_TARGET = 10.3;
				MTL_ENABLE_DEBUG_INFO = NO;
				SDKROOT = iphoneos;
				SWIFT_OPTIMIZATION_LEVEL = "-Owholemodule";
				TARGETED_DEVICE_FAMILY = "1,2";
				VALIDATE_PRODUCT = YES;
			};
			name = Release;
		};
		B68C23351EEF1E2300FDB3A2 /* Debug */ = {
			isa = XCBuildConfiguration;
			baseConfigurationReference = 62B68F0CEF3BE44CDD069A83 /* Pods-sober-test.debug.xcconfig */;
			buildSettings = {
				ASSETCATALOG_COMPILER_APPICON_NAME = AppIcon;
				DEVELOPMENT_TEAM = V2SYTB72GZ;
				INFOPLIST_FILE = "sober-test/Info.plist";
				LD_RUNPATH_SEARCH_PATHS = "$(inherited) @executable_path/Frameworks";
				PRODUCT_BUNDLE_IDENTIFIER = "Jon-Nelson.sober-test";
				PRODUCT_NAME = "$(TARGET_NAME)";
				SWIFT_VERSION = 3.0;
			};
			name = Debug;
		};
		B68C23361EEF1E2300FDB3A2 /* Release */ = {
			isa = XCBuildConfiguration;
			baseConfigurationReference = 57DEBEAC9804ACAAA43A6C2D /* Pods-sober-test.release.xcconfig */;
			buildSettings = {
				ASSETCATALOG_COMPILER_APPICON_NAME = AppIcon;
				DEVELOPMENT_TEAM = V2SYTB72GZ;
				INFOPLIST_FILE = "sober-test/Info.plist";
				LD_RUNPATH_SEARCH_PATHS = "$(inherited) @executable_path/Frameworks";
				PRODUCT_BUNDLE_IDENTIFIER = "Jon-Nelson.sober-test";
				PRODUCT_NAME = "$(TARGET_NAME)";
				SWIFT_VERSION = 3.0;
			};
			name = Release;
		};
/* End XCBuildConfiguration section */

/* Begin XCConfigurationList section */
		B68C231D1EEF1E2300FDB3A2 /* Build configuration list for PBXProject "sober-test" */ = {
			isa = XCConfigurationList;
			buildConfigurations = (
				B68C23321EEF1E2300FDB3A2 /* Debug */,
				B68C23331EEF1E2300FDB3A2 /* Release */,
			);
			defaultConfigurationIsVisible = 0;
			defaultConfigurationName = Release;
		};
		B68C23341EEF1E2300FDB3A2 /* Build configuration list for PBXNativeTarget "sober-test" */ = {
			isa = XCConfigurationList;
			buildConfigurations = (
				B68C23351EEF1E2300FDB3A2 /* Debug */,
				B68C23361EEF1E2300FDB3A2 /* Release */,
			);
			defaultConfigurationIsVisible = 0;
			defaultConfigurationName = Release;
		};
/* End XCConfigurationList section */
	};
	rootObject = B68C231A1EEF1E2300FDB3A2 /* Project object */;
}
